
Microsoft Visual Studio Solution File, Format Version 12.00
# Visual Studio Version 16
VisualStudioVersion = 16.0.30413.136
MinimumVisualStudioVersion = 10.0.40219.1
Project("{FAE04EC0-301F-11D3-BF4B-00C04F79EFBC}") = "Horoskop.Android", "Horoskop\Horoskop.Android\Horoskop.Android.csproj", "{296E6C1B-AF0A-49AD-B0FE-689791840B65}"
EndProject
Project("{FAE04EC0-301F-11D3-BF4B-00C04F79EFBC}") = "Horoskop.iOS", "Horoskop\Horoskop.iOS\Horoskop.iOS.csproj", "{8F53624A-01B0-414F-9A10-959B5196AD9D}"
EndProject
Project("{FAE04EC0-301F-11D3-BF4B-00C04F79EFBC}") = "Horoskop", "Horoskop\Horoskop\Horoskop.csproj", "{BEA55C33-2980-4550-8C7C-C66A1FF12FFF}"
EndProject
Global
	GlobalSection(SolutionConfigurationPlatforms) = preSolution
		Debug|Any CPU = Debug|Any CPU
		Debug|iPhone = Debug|iPhone
		Debug|iPhoneSimulator = Debug|iPhoneSimulator
		Release|Any CPU = Release|Any CPU
		Release|iPhone = Release|iPhone
		Release|iPhoneSimulator = Release|iPhoneSimulator
	EndGlobalSection
	GlobalSection(ProjectConfigurationPlatforms) = postSolution
		{296E6C1B-AF0A-49AD-B0FE-689791840B65}.Debug|Any CPU.ActiveCfg = Debug|Any CPU
		{296E6C1B-AF0A-49AD-B0FE-689791840B65}.Debug|Any CPU.Build.0 = Debug|Any CPU
		{296E6C1B-AF0A-49AD-B0FE-689791840B65}.Debug|Any CPU.Deploy.0 = Debug|Any CPU
		{296E6C1B-AF0A-49AD-B0FE-689791840B65}.Debug|iPhone.ActiveCfg = Debug|Any CPU
		{296E6C1B-AF0A-49AD-B0FE-689791840B65}.Debug|iPhone.Build.0 = Debug|Any CPU
		{296E6C1B-AF0A-49AD-B0FE-689791840B65}.Debug|iPhone.Deploy.0 = Debug|Any CPU
		{296E6C1B-AF0A-49AD-B0FE-689791840B65}.Debug|iPhoneSimulator.ActiveCfg = Debug|Any CPU
		{296E6C1B-AF0A-49AD-B0FE-689791840B65}.Debug|iPhoneSimulator.Build.0 = Debug|Any CPU
		{296E6C1B-AF0A-49AD-B0FE-689791840B65}.Debug|iPhoneSimulator.Deploy.0 = Debug|Any CPU
		{296E6C1B-AF0A-49AD-B0FE-689791840B65}.Release|Any CPU.ActiveCfg = Release|Any CPU
		{296E6C1B-AF0A-49AD-B0FE-689791840B65}.Release|Any CPU.Build.0 = Release|Any CPU
		{296E6C1B-AF0A-49AD-B0FE-689791840B65}.Release|Any CPU.Deploy.0 = Release|Any CPU
		{296E6C1B-AF0A-49AD-B0FE-689791840B65}.Release|iPhone.ActiveCfg = Release|Any CPU
		{296E6C1B-AF0A-49AD-B0FE-689791840B65}.Release|iPhone.Build.0 = Release|Any CPU
		{296E6C1B-AF0A-49AD-B0FE-689791840B65}.Release|iPhone.Deploy.0 = Release|Any CPU
		{296E6C1B-AF0A-49AD-B0FE-689791840B65}.Release|iPhoneSimulator.ActiveCfg = Release|Any CPU
		{296E6C1B-AF0A-49AD-B0FE-689791840B65}.Release|iPhoneSimulator.Build.0 = Release|Any CPU
		{296E6C1B-AF0A-49AD-B0FE-689791840B65}.Release|iPhoneSimulator.Deploy.0 = Release|Any CPU
		{8F53624A-01B0-414F-9A10-959B5196AD9D}.Debug|Any CPU.ActiveCfg = Debug|iPhone
		{8F53624A-01B0-414F-9A10-959B5196AD9D}.Debug|Any CPU.Build.0 = Debug|iPhone
		{8F53624A-01B0-414F-9A10-959B5196AD9D}.Debug|Any CPU.Deploy.0 = Debug|iPhone
		{8F53624A-01B0-414F-9A10-959B5196AD9D}.Debug|iPhone.ActiveCfg = Debug|iPhone
		{8F53624A-01B0-414F-9A10-959B5196AD9D}.Debug|iPhone.Build.0 = Debug|iPhone
		{8F53624A-01B0-414F-9A10-959B5196AD9D}.Debug|iPhone.Deploy.0 = Debug|iPhone
		{8F53624A-01B0-414F-9A10-959B5196AD9D}.Debug|iPhoneSimulator.ActiveCfg = Debug|iPhoneSimulator
		{8F53624A-01B0-414F-9A10-959B5196AD9D}.Debug|iPhoneSimulator.Build.0 = Debug|iPhoneSimulator
		{8F53624A-01B0-414F-9A10-959B5196AD9D}.Debug|iPhoneSimulator.Deploy.0 = Debug|iPhoneSimulator
		{8F53624A-01B0-414F-9A10-959B5196AD9D}.Release|Any CPU.ActiveCfg = Release|iPhone
		{8F53624A-01B0-414F-9A10-959B5196AD9D}.Release|Any CPU.Build.0 = Release|iPhone
		{8F53624A-01B0-414F-9A10-959B5196AD9D}.Release|Any CPU.Deploy.0 = Release|iPhone
		{8F53624A-01B0-414F-9A10-959B5196AD9D}.Release|iPhone.ActiveCfg = Release|iPhone
		{8F53624A-01B0-414F-9A10-959B5196AD9D}.Release|iPhone.Build.0 = Release|iPhone
		{8F53624A-01B0-414F-9A10-959B5196AD9D}.Release|iPhone.Deploy.0 = Release|iPhone
		{8F53624A-01B0-414F-9A10-959B5196AD9D}.Release|iPhoneSimulator.ActiveCfg = Release|iPhoneSimulator
		{8F53624A-01B0-414F-9A10-959B5196AD9D}.Release|iPhoneSimulator.Build.0 = Release|iPhoneSimulator
		{8F53624A-01B0-414F-9A10-959B5196AD9D}.Release|iPhoneSimulator.Deploy.0 = Release|iPhoneSimulator
		{BEA55C33-2980-4550-8C7C-C66A1FF12FFF}.Debug|Any CPU.ActiveCfg = Debug|Any CPU
		{BEA55C33-2980-4550-8C7C-C66A1FF12FFF}.Debug|Any CPU.Build.0 = Debug|Any CPU
		{BEA55C33-2980-4550-8C7C-C66A1FF12FFF}.Debug|Any CPU.Deploy.0 = Debug|Any CPU
		{BEA55C33-2980-4550-8C7C-C66A1FF12FFF}.Debug|iPhone.ActiveCfg = Debug|Any CPU
		{BEA55C33-2980-4550-8C7C-C66A1FF12FFF}.Debug|iPhone.Build.0 = Debug|Any CPU
		{BEA55C33-2980-4550-8C7C-C66A1FF12FFF}.Debug|iPhone.Deploy.0 = Debug|Any CPU
		{BEA55C33-2980-4550-8C7C-C66A1FF12FFF}.Debug|iPhoneSimulator.ActiveCfg = Debug|Any CPU
		{BEA55C33-2980-4550-8C7C-C66A1FF12FFF}.Debug|iPhoneSimulator.Build.0 = Debug|Any CPU
		{BEA55C33-2980-4550-8C7C-C66A1FF12FFF}.Debug|iPhoneSimulator.Deploy.0 = Debug|Any CPU
		{BEA55C33-2980-4550-8C7C-C66A1FF12FFF}.Release|Any CPU.ActiveCfg = Release|Any CPU
		{BEA55C33-2980-4550-8C7C-C66A1FF12FFF}.Release|Any CPU.Build.0 = Release|Any CPU
		{BEA55C33-2980-4550-8C7C-C66A1FF12FFF}.Release|Any CPU.Deploy.0 = Release|Any CPU
		{BEA55C33-2980-4550-8C7C-C66A1FF12FFF}.Release|iPhone.ActiveCfg = Release|Any CPU
		{BEA55C33-2980-4550-8C7C-C66A1FF12FFF}.Release|iPhone.Build.0 = Release|Any CPU
		{BEA55C33-2980-4550-8C7C-C66A1FF12FFF}.Release|iPhone.Deploy.0 = Release|Any CPU
		{BEA55C33-2980-4550-8C7C-C66A1FF12FFF}.Release|iPhoneSimulator.ActiveCfg = Release|Any CPU
		{BEA55C33-2980-4550-8C7C-C66A1FF12FFF}.Release|iPhoneSimulator.Build.0 = Release|Any CPU
		{BEA55C33-2980-4550-8C7C-C66A1FF12FFF}.Release|iPhoneSimulator.Deploy.0 = Release|Any CPU
	EndGlobalSection
	GlobalSection(SolutionProperties) = preSolution
		HideSolutionNode = FALSE
	EndGlobalSection
	GlobalSection(ExtensibilityGlobals) = postSolution
		SolutionGuid = {F94354D6-B58B-4CC5-9088-5B03189D91C7}
	EndGlobalSection
EndGlobal
